
Microsoft Visual Studio Solution File, Format Version 11.00
# Visual Studio 2010
Project("{8BC9CEB8-8B4A-11D0-8D11-00A0C91BC942}") = "Amiga360", "Amiga360.vcxproj", "{47D7B770-C74F-464A-B89A-E467A972410F}"
	ProjectSection(ProjectDependencies) = postProject
		{70662F32-4B90-4229-B469-B348854DCDF4} = {70662F32-4B90-4229-B469-B348854DCDF4}
		{AD499DA6-1348-4309-8D37-ADBFFB3AFF8E} = {AD499DA6-1348-4309-8D37-ADBFFB3AFF8E}
	EndProjectSection
EndProject
Project("{8BC9CEB8-8B4A-11D0-8D11-00A0C91BC942}") = "libSDLx360", "..\libSDLx360\libSDLx360.vcxproj", "{AD499DA6-1348-4309-8D37-ADBFFB3AFF8E}"
EndProject
Project("{8BC9CEB8-8B4A-11D0-8D11-00A0C91BC942}") = "zlib", "..\zlib\zlib.vcxproj", "{70662F32-4B90-4229-B469-B348854DCDF4}"
EndProject
Global
	GlobalSection(SolutionConfigurationPlatforms) = preSolution
		CodeAnalysis|Win32 = CodeAnalysis|Win32
		CodeAnalysis|Xbox 360 = CodeAnalysis|Xbox 360
		Debug|Win32 = Debug|Win32
		Debug|Xbox 360 = Debug|Xbox 360
		Instrumentation|Win32 = Instrumentation|Win32
		Instrumentation|Xbox 360 = Instrumentation|Xbox 360
		Profile_FastCap|Win32 = Profile_FastCap|Win32
		Profile_FastCap|Xbox 360 = Profile_FastCap|Xbox 360
		Profile|Win32 = Profile|Win32
		Profile|Xbox 360 = Profile|Xbox 360
		Release DEV|Win32 = Release DEV|Win32
		Release DEV|Xbox 360 = Release DEV|Xbox 360
		Release JTAG|Win32 = Release JTAG|Win32
		Release JTAG|Xbox 360 = Release JTAG|Xbox 360
		Release_LTCG|Win32 = Release_LTCG|Win32
		Release_LTCG|Xbox 360 = Release_LTCG|Xbox 360
		Release|Win32 = Release|Win32
		Release|Xbox 360 = Release|Xbox 360
	EndGlobalSection
	GlobalSection(ProjectConfigurationPlatforms) = postSolution
		{47D7B770-C74F-464A-B89A-E467A972410F}.CodeAnalysis|Win32.ActiveCfg = CodeAnalysis|Xbox 360
		{47D7B770-C74F-464A-B89A-E467A972410F}.CodeAnalysis|Xbox 360.ActiveCfg = CodeAnalysis|Xbox 360
		{47D7B770-C74F-464A-B89A-E467A972410F}.CodeAnalysis|Xbox 360.Build.0 = CodeAnalysis|Xbox 360
		{47D7B770-C74F-464A-B89A-E467A972410F}.Debug|Win32.ActiveCfg = Debug|Xbox 360
		{47D7B770-C74F-464A-B89A-E467A972410F}.Debug|Xbox 360.ActiveCfg = Debug|Xbox 360
		{47D7B770-C74F-464A-B89A-E467A972410F}.Debug|Xbox 360.Build.0 = Debug|Xbox 360
		{47D7B770-C74F-464A-B89A-E467A972410F}.Instrumentation|Win32.ActiveCfg = Release_LTCG|Xbox 360
		{47D7B770-C74F-464A-B89A-E467A972410F}.Instrumentation|Xbox 360.ActiveCfg = Release_LTCG|Xbox 360
		{47D7B770-C74F-464A-B89A-E467A972410F}.Instrumentation|Xbox 360.Build.0 = Release_LTCG|Xbox 360
		{47D7B770-C74F-464A-B89A-E467A972410F}.Instrumentation|Xbox 360.Deploy.0 = Release_LTCG|Xbox 360
		{47D7B770-C74F-464A-B89A-E467A972410F}.Profile_FastCap|Win32.ActiveCfg = Profile_FastCap|Xbox 360
		{47D7B770-C74F-464A-B89A-E467A972410F}.Profile_FastCap|Xbox 360.ActiveCfg = Profile_FastCap|Xbox 360
		{47D7B770-C74F-464A-B89A-E467A972410F}.Profile_FastCap|Xbox 360.Build.0 = Profile_FastCap|Xbox 360
		{47D7B770-C74F-464A-B89A-E467A972410F}.Profile|Win32.ActiveCfg = Profile|Xbox 360
		{47D7B770-C74F-464A-B89A-E467A972410F}.Profile|Xbox 360.ActiveCfg = Profile|Xbox 360
		{47D7B770-C74F-464A-B89A-E467A972410F}.Profile|Xbox 360.Build.0 = Profile|Xbox 360
		{47D7B770-C74F-464A-B89A-E467A972410F}.Release DEV|Win32.ActiveCfg = Release DEV|Xbox 360
		{47D7B770-C74F-464A-B89A-E467A972410F}.Release DEV|Xbox 360.ActiveCfg = Release DEV|Xbox 360
		{47D7B770-C74F-464A-B89A-E467A972410F}.Release DEV|Xbox 360.Build.0 = Release DEV|Xbox 360
		{47D7B770-C74F-464A-B89A-E467A972410F}.Release DEV|Xbox 360.Deploy.0 = Release DEV|Xbox 360
		{47D7B770-C74F-464A-B89A-E467A972410F}.Release JTAG|Win32.ActiveCfg = Release JTAG|Xbox 360
		{47D7B770-C74F-464A-B89A-E467A972410F}.Release JTAG|Xbox 360.ActiveCfg = Release JTAG|Xbox 360
		{47D7B770-C74F-464A-B89A-E467A972410F}.Release JTAG|Xbox 360.Build.0 = Release JTAG|Xbox 360
		{47D7B770-C74F-464A-B89A-E467A972410F}.Release JTAG|Xbox 360.Deploy.0 = Release JTAG|Xbox 360
		{47D7B770-C74F-464A-B89A-E467A972410F}.Release_LTCG|Win32.ActiveCfg = Release_LTCG|Xbox 360
		{47D7B770-C74F-464A-B89A-E467A972410F}.Release_LTCG|Xbox 360.ActiveCfg = Release_LTCG|Xbox 360
		{47D7B770-C74F-464A-B89A-E467A972410F}.Release_LTCG|Xbox 360.Build.0 = Release_LTCG|Xbox 360
		{47D7B770-C74F-464A-B89A-E467A972410F}.Release|Win32.ActiveCfg = Release|Xbox 360
		{47D7B770-C74F-464A-B89A-E467A972410F}.Release|Xbox 360.ActiveCfg = Release|Xbox 360
		{47D7B770-C74F-464A-B89A-E467A972410F}.Release|Xbox 360.Build.0 = Release|Xbox 360
		{AD499DA6-1348-4309-8D37-ADBFFB3AFF8E}.CodeAnalysis|Win32.ActiveCfg = CodeAnalysis|Win32
		{AD499DA6-1348-4309-8D37-ADBFFB3AFF8E}.CodeAnalysis|Win32.Build.0 = CodeAnalysis|Win32
		{AD499DA6-1348-4309-8D37-ADBFFB3AFF8E}.CodeAnalysis|Xbox 360.ActiveCfg = CodeAnalysis|Xbox 360
		{AD499DA6-1348-4309-8D37-ADBFFB3AFF8E}.CodeAnalysis|Xbox 360.Build.0 = CodeAnalysis|Xbox 360
		{AD499DA6-1348-4309-8D37-ADBFFB3AFF8E}.CodeAnalysis|Xbox 360.Deploy.0 = CodeAnalysis|Xbox 360
		{AD499DA6-1348-4309-8D37-ADBFFB3AFF8E}.Debug|Win32.ActiveCfg = Debug|Win32
		{AD499DA6-1348-4309-8D37-ADBFFB3AFF8E}.Debug|Win32.Build.0 = Debug|Win32
		{AD499DA6-1348-4309-8D37-ADBFFB3AFF8E}.Debug|Xbox 360.ActiveCfg = Debug|Xbox 360
		{AD499DA6-1348-4309-8D37-ADBFFB3AFF8E}.Debug|Xbox 360.Build.0 = Debug|Xbox 360
		{AD499DA6-1348-4309-8D37-ADBFFB3AFF8E}.Debug|Xbox 360.Deploy.0 = Debug|Xbox 360
		{AD499DA6-1348-4309-8D37-ADBFFB3AFF8E}.Instrumentation|Win32.ActiveCfg = Xbox 360 Release Test|Xbox 360
		{AD499DA6-1348-4309-8D37-ADBFFB3AFF8E}.Instrumentation|Xbox 360.ActiveCfg = Xbox 360 Release Test|Xbox 360
		{AD499DA6-1348-4309-8D37-ADBFFB3AFF8E}.Instrumentation|Xbox 360.Build.0 = Xbox 360 Release Test|Xbox 360
		{AD499DA6-1348-4309-8D37-ADBFFB3AFF8E}.Instrumentation|Xbox 360.Deploy.0 = Xbox 360 Release Test|Xbox 360
		{AD499DA6-1348-4309-8D37-ADBFFB3AFF8E}.Profile_FastCap|Win32.ActiveCfg = Profile_FastCap|Win32
		{AD499DA6-1348-4309-8D37-ADBFFB3AFF8E}.Profile_FastCap|Win32.Build.0 = Profile_FastCap|Win32
		{AD499DA6-1348-4309-8D37-ADBFFB3AFF8E}.Profile_FastCap|Xbox 360.ActiveCfg = Profile_FastCap|Xbox 360
		{AD499DA6-1348-4309-8D37-ADBFFB3AFF8E}.Profile_FastCap|Xbox 360.Build.0 = Profile_FastCap|Xbox 360
		{AD499DA6-1348-4309-8D37-ADBFFB3AFF8E}.Profile_FastCap|Xbox 360.Deploy.0 = Profile_FastCap|Xbox 360
		{AD499DA6-1348-4309-8D37-ADBFFB3AFF8E}.Profile|Win32.ActiveCfg = Profile|Win32
		{AD499DA6-1348-4309-8D37-ADBFFB3AFF8E}.Profile|Win32.Build.0 = Profile|Win32
		{AD499DA6-1348-4309-8D37-ADBFFB3AFF8E}.Profile|Xbox 360.ActiveCfg = Profile|Xbox 360
		{AD499DA6-1348-4309-8D37-ADBFFB3AFF8E}.Profile|Xbox 360.Build.0 = Profile|Xbox 360
		{AD499DA6-1348-4309-8D37-ADBFFB3AFF8E}.Profile|Xbox 360.Deploy.0 = Profile|Xbox 360
		{AD499DA6-1348-4309-8D37-ADBFFB3AFF8E}.Release DEV|Win32.ActiveCfg = Release DEV|Win32
		{AD499DA6-1348-4309-8D37-ADBFFB3AFF8E}.Release DEV|Win32.Build.0 = Release DEV|Win32
		{AD499DA6-1348-4309-8D37-ADBFFB3AFF8E}.Release DEV|Xbox 360.ActiveCfg = Release DEV|Xbox 360
		{AD499DA6-1348-4309-8D37-ADBFFB3AFF8E}.Release DEV|Xbox 360.Build.0 = Release DEV|Xbox 360
		{AD499DA6-1348-4309-8D37-ADBFFB3AFF8E}.Release DEV|Xbox 360.Deploy.0 = Release DEV|Xbox 360
		{AD499DA6-1348-4309-8D37-ADBFFB3AFF8E}.Release JTAG|Win32.ActiveCfg = Release JTAG|Win32
		{AD499DA6-1348-4309-8D37-ADBFFB3AFF8E}.Release JTAG|Win32.Build.0 = Release JTAG|Win32
		{AD499DA6-1348-4309-8D37-ADBFFB3AFF8E}.Release JTAG|Xbox 360.ActiveCfg = Release JTAG|Xbox 360
		{AD499DA6-1348-4309-8D37-ADBFFB3AFF8E}.Release JTAG|Xbox 360.Build.0 = Release JTAG|Xbox 360
		{AD499DA6-1348-4309-8D37-ADBFFB3AFF8E}.Release JTAG|Xbox 360.Deploy.0 = Release JTAG|Xbox 360
		{AD499DA6-1348-4309-8D37-ADBFFB3AFF8E}.Release_LTCG|Win32.ActiveCfg = Release_LTCG|Win32
		{AD499DA6-1348-4309-8D37-ADBFFB3AFF8E}.Release_LTCG|Win32.Build.0 = Release_LTCG|Win32
		{AD499DA6-1348-4309-8D37-ADBFFB3AFF8E}.Release_LTCG|Xbox 360.ActiveCfg = Release_LTCG|Xbox 360
		{AD499DA6-1348-4309-8D37-ADBFFB3AFF8E}.Release_LTCG|Xbox 360.Build.0 = Release_LTCG|Xbox 360
		{AD499DA6-1348-4309-8D37-ADBFFB3AFF8E}.Release_LTCG|Xbox 360.Deploy.0 = Release_LTCG|Xbox 360
		{AD499DA6-1348-4309-8D37-ADBFFB3AFF8E}.Release|Win32.ActiveCfg = Release|Win32
		{AD499DA6-1348-4309-8D37-ADBFFB3AFF8E}.Release|Win32.Build.0 = Release|Win32
		{AD499DA6-1348-4309-8D37-ADBFFB3AFF8E}.Release|Xbox 360.ActiveCfg = Release|Xbox 360
		{AD499DA6-1348-4309-8D37-ADBFFB3AFF8E}.Release|Xbox 360.Build.0 = Release|Xbox 360
		{AD499DA6-1348-4309-8D37-ADBFFB3AFF8E}.Release|Xbox 360.Deploy.0 = Release|Xbox 360
		{70662F32-4B90-4229-B469-B348854DCDF4}.CodeAnalysis|Win32.ActiveCfg = CodeAnalysis|Xbox 360
		{70662F32-4B90-4229-B469-B348854DCDF4}.CodeAnalysis|Xbox 360.ActiveCfg = CodeAnalysis|Xbox 360
		{70662F32-4B90-4229-B469-B348854DCDF4}.CodeAnalysis|Xbox 360.Build.0 = CodeAnalysis|Xbox 360
		{70662F32-4B90-4229-B469-B348854DCDF4}.CodeAnalysis|Xbox 360.Deploy.0 = CodeAnalysis|Xbox 360
		{70662F32-4B90-4229-B469-B348854DCDF4}.Debug|Win32.ActiveCfg = Debug|Xbox 360
		{70662F32-4B90-4229-B469-B348854DCDF4}.Debug|Xbox 360.ActiveCfg = Debug|Xbox 360
		{70662F32-4B90-4229-B469-B348854DCDF4}.Debug|Xbox 360.Build.0 = Debug|Xbox 360
		{70662F32-4B90-4229-B469-B348854DCDF4}.Debug|Xbox 360.Deploy.0 = Debug|Xbox 360
		{70662F32-4B90-4229-B469-B348854DCDF4}.Instrumentation|Win32.ActiveCfg = Instrumentation|Xbox 360
		{70662F32-4B90-4229-B469-B348854DCDF4}.Instrumentation|Xbox 360.ActiveCfg = Instrumentation|Xbox 360
		{70662F32-4B90-4229-B469-B348854DCDF4}.Instrumentation|Xbox 360.Build.0 = Instrumentation|Xbox 360
		{70662F32-4B90-4229-B469-B348854DCDF4}.Instrumentation|Xbox 360.Deploy.0 = Instrumentation|Xbox 360
		{70662F32-4B90-4229-B469-B348854DCDF4}.Profile_FastCap|Win32.ActiveCfg = Profile_FastCap|Xbox 360
		{70662F32-4B90-4229-B469-B348854DCDF4}.Profile_FastCap|Xbox 360.ActiveCfg = Profile_FastCap|Xbox 360
		{70662F32-4B90-4229-B469-B348854DCDF4}.Profile_FastCap|Xbox 360.Build.0 = Profile_FastCap|Xbox 360
		{70662F32-4B90-4229-B469-B348854DCDF4}.Profile_FastCap|Xbox 360.Deploy.0 = Profile_FastCap|Xbox 360
		{70662F32-4B90-4229-B469-B348854DCDF4}.Profile|Win32.ActiveCfg = Profile|Xbox 360
		{70662F32-4B90-4229-B469-B348854DCDF4}.Profile|Xbox 360.ActiveCfg = Profile|Xbox 360
		{70662F32-4B90-4229-B469-B348854DCDF4}.Profile|Xbox 360.Build.0 = Profile|Xbox 360
		{70662F32-4B90-4229-B469-B348854DCDF4}.Profile|Xbox 360.Deploy.0 = Profile|Xbox 360
		{70662F32-4B90-4229-B469-B348854DCDF4}.Release DEV|Win32.ActiveCfg = Release DEV|Xbox 360
		{70662F32-4B90-4229-B469-B348854DCDF4}.Release DEV|Xbox 360.ActiveCfg = Release DEV|Xbox 360
		{70662F32-4B90-4229-B469-B348854DCDF4}.Release DEV|Xbox 360.Build.0 = Release DEV|Xbox 360
		{70662F32-4B90-4229-B469-B348854DCDF4}.Release DEV|Xbox 360.Deploy.0 = Release DEV|Xbox 360
		{70662F32-4B90-4229-B469-B348854DCDF4}.Release JTAG|Win32.ActiveCfg = Release JTAG|Xbox 360
		{70662F32-4B90-4229-B469-B348854DCDF4}.Release JTAG|Xbox 360.ActiveCfg = Release JTAG|Xbox 360
		{70662F32-4B90-4229-B469-B348854DCDF4}.Release JTAG|Xbox 360.Build.0 = Release JTAG|Xbox 360
		{70662F32-4B90-4229-B469-B348854DCDF4}.Release JTAG|Xbox 360.Deploy.0 = Release JTAG|Xbox 360
		{70662F32-4B90-4229-B469-B348854DCDF4}.Release_LTCG|Win32.ActiveCfg = Release_LTCG|Xbox 360
		{70662F32-4B90-4229-B469-B348854DCDF4}.Release_LTCG|Xbox 360.ActiveCfg = Release_LTCG|Xbox 360
		{70662F32-4B90-4229-B469-B348854DCDF4}.Release_LTCG|Xbox 360.Build.0 = Release_LTCG|Xbox 360
		{70662F32-4B90-4229-B469-B348854DCDF4}.Release_LTCG|Xbox 360.Deploy.0 = Release_LTCG|Xbox 360
		{70662F32-4B90-4229-B469-B348854DCDF4}.Release|Win32.ActiveCfg = Release|Xbox 360
		{70662F32-4B90-4229-B469-B348854DCDF4}.Release|Xbox 360.ActiveCfg = Release|Xbox 360
		{70662F32-4B90-4229-B469-B348854DCDF4}.Release|Xbox 360.Build.0 = Release|Xbox 360
		{70662F32-4B90-4229-B469-B348854DCDF4}.Release|Xbox 360.Deploy.0 = Release|Xbox 360
	EndGlobalSection
	GlobalSection(SolutionProperties) = preSolution
		HideSolutionNode = FALSE
	EndGlobalSection
EndGlobal
